apiVersion: kiox.io/v1
kind: WorkspaceLock
metadata:
    name: sumo-platform-ops-stack
providers:
    - alias: orun
      provider: sourceplane/orun
      source: ghcr.io/sourceplane/orun:v0.9.6
      version: v0.9.6
      resolved: ghcr.io/sourceplane/orun@sha256:c259e8c8f2ebacbe68a7eccbbb52fe29e5caa7a502243ef4cc6146664896e1a6
      store: c99e023eb0799af3ad9bb3abbb796af41b9c3895b713585276567b3d29486189
